// !$*UTF8*$!
{
	archiveVersion = 1;
	classes = {
	};
	objectVersion = 48;
	objects = {

/* Begin PBXBuildFile section */
		B808A27A20277F4D0072A869 /* CreateCompanyController.swift in Sources */ = {isa = PBXBuildFile; fileRef = B808A27920277F4D0072A869 /* CreateCompanyController.swift */; };
		B828B558202749E900CB3D71 /* AppDelegate.swift in Sources */ = {isa = PBXBuildFile; fileRef = B828B557202749E900CB3D71 /* AppDelegate.swift */; };
		B828B55A202749E900CB3D71 /* CompaniesController.swift in Sources */ = {isa = PBXBuildFile; fileRef = B828B559202749E900CB3D71 /* CompaniesController.swift */; };
		B828B55D202749E900CB3D71 /* Main.storyboard in Resources */ = {isa = PBXBuildFile; fileRef = B828B55B202749E900CB3D71 /* Main.storyboard */; };
		B828B55F202749E900CB3D71 /* Assets.xcassets in Resources */ = {isa = PBXBuildFile; fileRef = B828B55E202749E900CB3D71 /* Assets.xcassets */; };
		B828B562202749E900CB3D71 /* LaunchScreen.storyboard in Resources */ = {isa = PBXBuildFile; fileRef = B828B560202749E900CB3D71 /* LaunchScreen.storyboard */; };
		B828B56A2027599D00CB3D71 /* UIColor+theme.swift in Sources */ = {isa = PBXBuildFile; fileRef = B828B5692027599D00CB3D71 /* UIColor+theme.swift */; };
		B828B56C20277B9400CB3D71 /* Company.swift in Sources */ = {isa = PBXBuildFile; fileRef = B828B56B20277B9400CB3D71 /* Company.swift */; };
/* End PBXBuildFile section */

/* Begin PBXFileReference section */
		B808A27920277F4D0072A869 /* CreateCompanyController.swift */ = {isa = PBXFileReference; lastKnownFileType = sourcecode.swift; path = CreateCompanyController.swift; sourceTree = "<group>"; };
		B828B554202749E900CB3D71 /* CompanyListing.app */ = {isa = PBXFileReference; explicitFileType = wrapper.application; includeInIndex = 0; path = CompanyListing.app; sourceTree = BUILT_PRODUCTS_DIR; };
		B828B557202749E900CB3D71 /* AppDelegate.swift */ = {isa = PBXFileReference; lastKnownFileType = sourcecode.swift; path = AppDelegate.swift; sourceTree = "<group>"; };
		B828B559202749E900CB3D71 /* CompaniesController.swift */ = {isa = PBXFileReference; lastKnownFileType = sourcecode.swift; path = CompaniesController.swift; sourceTree = "<group>"; };
		B828B55C202749E900CB3D71 /* Base */ = {isa = PBXFileReference; lastKnownFileType = file.storyboard; name = Base; path = Base.lproj/Main.storyboard; sourceTree = "<group>"; };
		B828B55E202749E900CB3D71 /* Assets.xcassets */ = {isa = PBXFileReference; lastKnownFileType = folder.assetcatalog; path = Assets.xcassets; sourceTree = "<group>"; };
		B828B561202749E900CB3D71 /* Base */ = {isa = PBXFileReference; lastKnownFileType = file.storyboard; name = Base; path = Base.lproj/LaunchScreen.storyboard; sourceTree = "<group>"; };
		B828B563202749E900CB3D71 /* Info.plist */ = {isa = PBXFileReference; lastKnownFileType = text.plist.xml; path = Info.plist; sourceTree = "<group>"; };
		B828B5692027599D00CB3D71 /* UIColor+theme.swift */ = {isa = PBXFileReference; lastKnownFileType = sourcecode.swift; path = "UIColor+theme.swift"; sourceTree = "<group>"; };
		B828B56B20277B9400CB3D71 /* Company.swift */ = {isa = PBXFileReference; lastKnownFileType = sourcecode.swift; path = Company.swift; sourceTree = "<group>"; };
/* End PBXFileReference section */

/* Begin PBXFrameworksBuildPhase section */
		B828B551202749E900CB3D71 /* Frameworks */ = {
			isa = PBXFrameworksBuildPhase;
			buildActionMask = 2147483647;
			files = (
			);
			runOnlyForDeploymentPostprocessing = 0;
		};
/* End PBXFrameworksBuildPhase section */

/* Begin PBXGroup section */
		B828B54B202749E900CB3D71 = {
			isa = PBXGroup;
			children = (
				B828B556202749E900CB3D71 /* CompanyListing */,
				B828B555202749E900CB3D71 /* Products */,
			);
			sourceTree = "<group>";
		};
		B828B555202749E900CB3D71 /* Products */ = {
			isa = PBXGroup;
			children = (
				B828B554202749E900CB3D71 /* CompanyListing.app */,
			);
			name = Products;
			sourceTree = "<group>";
		};
		B828B556202749E900CB3D71 /* CompanyListing */ = {
			isa = PBXGroup;
			children = (
				B828B557202749E900CB3D71 /* AppDelegate.swift */,
				B828B559202749E900CB3D71 /* CompaniesController.swift */,
				B808A27920277F4D0072A869 /* CreateCompanyController.swift */,
				B828B55B202749E900CB3D71 /* Main.storyboard */,
				B828B55E202749E900CB3D71 /* Assets.xcassets */,
				B828B560202749E900CB3D71 /* LaunchScreen.storyboard */,
				B828B563202749E900CB3D71 /* Info.plist */,
				B828B5692027599D00CB3D71 /* UIColor+theme.swift */,
				B828B56B20277B9400CB3D71 /* Company.swift */,
			);
			path = CompanyListing;
			sourceTree = "<group>";
		};
/* End PBXGroup section */

/* Begin PBXNativeTarget section */
		B828B553202749E900CB3D71 /* CompanyListing */ = {
			isa = PBXNativeTarget;
			buildConfigurationList = B828B566202749E900CB3D71 /* Build configuration list for PBXNativeTarget "CompanyListing" */;
			buildPhases = (
				B828B550202749E900CB3D71 /* Sources */,
				B828B551202749E900CB3D71 /* Frameworks */,
				B828B552202749E900CB3D71 /* Resources */,
			);
			buildRules = (
			);
			dependencies = (
			);
			name = CompanyListing;
			productName = CompanyListing;
			productReference = B828B554202749E900CB3D71 /* CompanyListing.app */;
			productType = "com.apple.product-type.application";
		};
/* End PBXNativeTarget section */

/* Begin PBXProject section */
		B828B54C202749E900CB3D71 /* Project object */ = {
			isa = PBXProject;
			attributes = {
				LastSwiftUpdateCheck = 0920;
				LastUpgradeCheck = 0920;
				ORGANIZATIONNAME = JCSwifty;
				TargetAttributes = {
					B828B553202749E900CB3D71 = {
						CreatedOnToolsVersion = 9.2;
						ProvisioningStyle = Automatic;
					};
				};
			};
			buildConfigurationList = B828B54F202749E900CB3D71 /* Build configuration list for PBXProject "CompanyListing" */;
			compatibilityVersion = "Xcode 8.0";
			developmentRegion = en;
			hasScannedForEncodings = 0;
			knownRegions = (
				en,
				Base,
			);
			mainGroup = B828B54B202749E900CB3D71;
			productRefGroup = B828B555202749E900CB3D71 /* Products */;
			projectDirPath = "";
			projectRoot = "";
			targets = (
				B828B553202749E900CB3D71 /* CompanyListing */,
			);
		};
/* End PBXProject section */

/* Begin PBXResourcesBuildPhase section */
		B828B552202749E900CB3D71 /* Resources */ = {
			isa = PBXResourcesBuildPhase;
			buildActionMask = 2147483647;
			files = (
				B828B562202749E900CB3D71 /* LaunchScreen.storyboard in Resources */,
				B828B55F202749E900CB3D71 /* Assets.xcassets in Resources */,
				B828B55D202749E900CB3D71 /* Main.storyboard in Resources */,
			);
			runOnlyForDeploymentPostprocessing = 0;
		};
/* End PBXResourcesBuildPhase section */

/* Begin PBXSourcesBuildPhase section */
		B828B550202749E900CB3D71 /* Sources */ = {
			isa = PBXSourcesBuildPhase;
			buildActionMask = 2147483647;
			files = (
				B828B56A2027599D00CB3D71 /* UIColor+theme.swift in Sources */,
				B828B55A202749E900CB3D71 /* CompaniesController.swift in Sources */,
				B808A27A20277F4D0072A869 /* CreateCompanyController.swift in Sources */,
				B828B558202749E900CB3D71 /* AppDelegate.swift in Sources */,
				B828B56C20277B9400CB3D71 /* Company.swift in Sources */,
			);
			runOnlyForDeploymentPostprocessing = 0;
		};
/* End PBXSourcesBuildPhase section */

/* Begin PBXVariantGroup section */
		B828B55B202749E900CB3D71 /* Main.storyboard */ = {
			isa = PBXVariantGroup;
			children = (
				B828B55C202749E900CB3D71 /* Base */,
			);
			name = Main.storyboard;
			sourceTree = "<group>";
		};
		B828B560202749E900CB3D71 /* LaunchScreen.storyboard */ = {
			isa = PBXVariantGroup;
			children = (
				B828B561202749E900CB3D71 /* Base */,
			);
			name = LaunchScreen.storyboard;
			sourceTree = "<group>";
		};
/* End PBXVariantGroup section */

/* Begin XCBuildConfiguration section */
		B828B564202749E900CB3D71 /* Debug */ = {
			isa = XCBuildConfiguration;
			buildSettings = {
				ALWAYS_SEARCH_USER_PATHS = NO;
				CLANG_ANALYZER_NONNULL = YES;
				CLANG_ANALYZER_NUMBER_OBJECT_CONVERSION = YES_AGGRESSIVE;
				CLANG_CXX_LANGUAGE_STANDARD = "gnu++14";
				CLANG_CXX_LIBRARY = "libc++";
				CLANG_ENABLE_MODULES = YES;
				CLANG_ENABLE_OBJC_ARC = YES;
				CLANG_WARN_BLOCK_CAPTURE_AUTORELEASING = YES;
				CLANG_WARN_BOOL_CONVERSION = YES;
				CLANG_WARN_COMMA = YES;
				CLANG_WARN_CONSTANT_CONVERSION = YES;
				CLANG_WARN_DIRECT_OBJC_ISA_USAGE = YES_ERROR;
				CLANG_WARN_DOCUMENTATION_COMMENTS = YES;
				CLANG_WARN_EMPTY_BODY = YES;
				CLANG_WARN_ENUM_CONVERSION = YES;
				CLANG_WARN_INFINITE_RECURSION = YES;
				CLANG_WARN_INT_CONVERSION = YES;
				CLANG_WARN_NON_LITERAL_NULL_CONVERSION = YES;
				CLANG_WARN_OBJC_LITERAL_CONVERSION = YES;
				CLANG_WARN_OBJC_ROOT_CLASS = YES_ERROR;
				CLANG_WARN_RANGE_LOOP_ANALYSIS = YES;
				CLANG_WARN_STRICT_PROTOTYPES = YES;
				CLANG_WARN_SUSPICIOUS_MOVE = YES;
				CLANG_WARN_UNGUARDED_AVAILABILITY = YES_AGGRESSIVE;
				CLANG_WARN_UNREACHABLE_CODE = YES;
				CLANG_WARN__DUPLICATE_METHOD_MATCH = YES;
				CODE_SIGN_IDENTITY = "iPhone Developer";
				COPY_PHASE_STRIP = NO;
				DEBUG_INFORMATION_FORMAT = dwarf;
				ENABLE_STRICT_OBJC_MSGSEND = YES;
				ENABLE_TESTABILITY = YES;
				GCC_C_LANGUAGE_STANDARD = gnu11;
				GCC_DYNAMIC_NO_PIC = NO;
				GCC_NO_COMMON_BLOCKS = YES;
				GCC_OPTIMIZATION_LEVEL = 0;
				GCC_PREPROCESSOR_DEFINITIONS = (
					"DEBUG=1",
					"$(inherited)",
				);
				GCC_WARN_64_TO_32_BIT_CONVERSION = YES;
				GCC_WARN_ABOUT_RETURN_TYPE = YES_ERROR;
				GCC_WARN_UNDECLARED_SELECTOR = YES;
				GCC_WARN_UNINITIALIZED_AUTOS = YES_AGGRESSIVE;
				GCC_WARN_UNUSED_FUNCTION = YES;
				GCC_WARN_UNUSED_VARIABLE = YES;
				IPHONEOS_DEPLOYMENT_TARGET = 11.2;
				MTL_ENABLE_DEBUG_INFO = YES;
				ONLY_ACTIVE_ARCH = YES;
				SDKROOT = iphoneos;
				SWIFT_ACTIVE_COMPILATION_CONDITIONS = DEBUG;
				SWIFT_OPTIMIZATION_LEVEL = "-Onone";
			};
			name = Debug;
		};
		B828B565202749E900CB3D71 /* Release */ = {
			isa = XCBuildConfiguration;
			buildSettings = {
				ALWAYS_SEARCH_USER_PATHS = NO;
				CLANG_ANALYZER_NONNULL = YES;
				CLANG_ANALYZER_NUMBER_OBJECT_CONVERSION = YES_AGGRESSIVE;
				CLANG_CXX_LANGUAGE_STANDARD = "gnu++14";
				CLANG_CXX_LIBRARY = "libc++";
				CLANG_ENABLE_MODULES = YES;
				CLANG_ENABLE_OBJC_ARC = YES;
				CLANG_WARN_BLOCK_CAPTURE_AUTORELEASING = YES;
				CLANG_WARN_BOOL_CONVERSION = YES;
				CLANG_WARN_COMMA = YES;
				CLANG_WARN_CONSTANT_CONVERSION = YES;
				CLANG_WARN_DIRECT_OBJC_ISA_USAGE = YES_ERROR;
				CLANG_WARN_DOCUMENTATION_COMMENTS = YES;
				CLANG_WARN_EMPTY_BODY = YES;
				CLANG_WARN_ENUM_CONVERSION = YES;
				CLANG_WARN_INFINITE_RECURSION = YES;
				CLANG_WARN_INT_CONVERSION = YES;
				CLANG_WARN_NON_LITERAL_NULL_CONVERSION = YES;
				CLANG_WARN_OBJC_LITERAL_CONVERSION = YES;
				CLANG_WARN_OBJC_ROOT_CLASS = YES_ERROR;
				CLANG_WARN_RANGE_LOOP_ANALYSIS = YES;
				CLANG_WARN_STRICT_PROTOTYPES = YES;
				CLANG_WARN_SUSPICIOUS_MOVE = YES;
				CLANG_WARN_UNGUARDED_AVAILABILITY = YES_AGGRESSIVE;
				CLANG_WARN_UNREACHABLE_CODE = YES;
				CLANG_WARN__DUPLICATE_METHOD_MATCH = YES;
				CODE_SIGN_IDENTITY = "iPhone Developer";
				COPY_PHASE_STRIP = NO;
				DEBUG_INFORMATION_FORMAT = "dwarf-with-dsym";
				ENABLE_NS_ASSERTIONS = NO;
				ENABLE_STRICT_OBJC_MSGSEND = YES;
				GCC_C_LANGUAGE_STANDARD = gnu11;
				GCC_NO_COMMON_BLOCKS = YES;
				GCC_WARN_64_TO_32_BIT_CONVERSION = YES;
				GCC_WARN_ABOUT_RETURN_TYPE = YES_ERROR;
				GCC_WARN_UNDECLARED_SELECTOR = YES;
				GCC_WARN_UNINITIALIZED_AUTOS = YES_AGGRESSIVE;
				GCC_WARN_UNUSED_FUNCTION = YES;
				GCC_WARN_UNUSED_VARIABLE = YES;
				IPHONEOS_DEPLOYMENT_TARGET = 11.2;
				MTL_ENABLE_DEBUG_INFO = NO;
				SDKROOT = iphoneos;
				SWIFT_OPTIMIZATION_LEVEL = "-Owholemodule";
				VALIDATE_PRODUCT = YES;
			};
			name = Release;
		};
		B828B567202749E900CB3D71 /* Debug */ = {
			isa = XCBuildConfiguration;
			buildSettings = {
				ASSETCATALOG_COMPILER_APPICON_NAME = AppIcon;
				CODE_SIGN_STYLE = Automatic;
				DEVELOPMENT_TEAM = 3L8W3EB4SJ;
				INFOPLIST_FILE = CompanyListing/Info.plist;
				LD_RUNPATH_SEARCH_PATHS = "$(inherited) @executable_path/Frameworks";
				PRODUCT_BUNDLE_IDENTIFIER = com.jcswifty.CompanyListing;
				PRODUCT_NAME = "$(TARGET_NAME)";
				SWIFT_VERSION = 4.0;
				TARGETED_DEVICE_FAMILY = "1,2";
			};
			name = Debug;
		};
		B828B568202749E900CB3D71 /* Release */ = {
			isa = XCBuildConfiguration;
			buildSettings = {
				ASSETCATALOG_COMPILER_APPICON_NAME = AppIcon;
				CODE_SIGN_STYLE = Automatic;
				DEVELOPMENT_TEAM = 3L8W3EB4SJ;
				INFOPLIST_FILE = CompanyListing/Info.plist;
				LD_RUNPATH_SEARCH_PATHS = "$(inherited) @executable_path/Frameworks";
				PRODUCT_BUNDLE_IDENTIFIER = com.jcswifty.CompanyListing;
				PRODUCT_NAME = "$(TARGET_NAME)";
				SWIFT_VERSION = 4.0;
				TARGETED_DEVICE_FAMILY = "1,2";
			};
			name = Release;
		};
/* End XCBuildConfiguration section */

/* Begin XCConfigurationList section */
		B828B54F202749E900CB3D71 /* Build configuration list for PBXProject "CompanyListing" */ = {
			isa = XCConfigurationList;
			buildConfigurations = (
				B828B564202749E900CB3D71 /* Debug */,
				B828B565202749E900CB3D71 /* Release */,
			);
			defaultConfigurationIsVisible = 0;
			defaultConfigurationName = Release;
		};
		B828B566202749E900CB3D71 /* Build configuration list for PBXNativeTarget "CompanyListing" */ = {
			isa = XCConfigurationList;
			buildConfigurations = (
				B828B567202749E900CB3D71 /* Debug */,
				B828B568202749E900CB3D71 /* Release */,
			);
			defaultConfigurationIsVisible = 0;
			defaultConfigurationName = Release;
		};
/* End XCConfigurationList section */
	};
	rootObject = B828B54C202749E900CB3D71 /* Project object */;
}
